Microsoft Visual Studio Solution File, Format Version 12.00
# Visual Studio Version 17
VisualStudioVersion = 17.5.2.0
MinimumVisualStudioVersion = 10.0.40219.1
Project("{FAE04EC0-301F-11D3-BF4B-00C04F79EFBC}") = "lab1-SDR", "lab1-SDR.csproj", "{DBCE9F47-829D-C862-9C5F-63BB134F553B}"
EndProject
Global
	GlobalSection(SolutionConfigurationPlatforms) = preSolution
		Debug|Any CPU = Debug|Any CPU
		Release|Any CPU = Release|Any CPU
	EndGlobalSection
	GlobalSection(ProjectConfigurationPlatforms) = postSolution
		{DBCE9F47-829D-C862-9C5F-63BB134F553B}.Debug|Any CPU.ActiveCfg = Debug|Any CPU
		{DBCE9F47-829D-C862-9C5F-63BB134F553B}.Debug|Any CPU.Build.0 = Debug|Any CPU
		{DBCE9F47-829D-C862-9C5F-63BB134F553B}.Release|Any CPU.ActiveCfg = Release|Any CPU
		{DBCE9F47-829D-C862-9C5F-63BB134F553B}.Release|Any CPU.Build.0 = Release|Any CPU
	EndGlobalSection
	GlobalSection(SolutionProperties) = preSolution
		HideSolutionNode = FALSE
	EndGlobalSection
	GlobalSection(ExtensibilityGlobals) = postSolution
		SolutionGuid = {E5A9AE67-902C-4C2D-B8B9-6DA57E9E9B0D}
	EndGlobalSection
EndGlobal
